
Microsoft Visual Studio Solution File, Format Version 12.00
# Visual Studio Version 16
VisualStudioVersion = 16.0.28803.202
MinimumVisualStudioVersion = 10.0.40219.1
Project("{FAE04EC0-301F-11D3-BF4B-00C04F79EFBC}") = "Harriers.Web", "Harriers.Web\Harriers.Web.csproj", "{F859D604-F8BC-40B8-AF5A-22E21DE0EF75}"
EndProject
Global
	GlobalSection(SolutionConfigurationPlatforms) = preSolution
		Debug|Any CPU = Debug|Any CPU
		Release|Any CPU = Release|Any CPU
	EndGlobalSection
	GlobalSection(ProjectConfigurationPlatforms) = postSolution
		{F859D604-F8BC-40B8-AF5A-22E21DE0EF75}.Debug|Any CPU.ActiveCfg = Debug|Any CPU
		{F859D604-F8BC-40B8-AF5A-22E21DE0EF75}.Debug|Any CPU.Build.0 = Debug|Any CPU
		{F859D604-F8BC-40B8-AF5A-22E21DE0EF75}.Release|Any CPU.ActiveCfg = Release|Any CPU
		{F859D604-F8BC-40B8-AF5A-22E21DE0EF75}.Release|Any CPU.Build.0 = Release|Any CPU
	EndGlobalSection
	GlobalSection(SolutionProperties) = preSolution
		HideSolutionNode = FALSE
	EndGlobalSection
	GlobalSection(ExtensibilityGlobals) = postSolution
		SolutionGuid = {80B8C54E-8762-4483-821F-1CFF41645666}
	EndGlobalSection
EndGlobal
